
Microsoft Visual Studio Solution File, Format Version 12.00
# Visual Studio Version 16
VisualStudioVersion = 16.0.30309.148
MinimumVisualStudioVersion = 10.0.40219.1
Project("{FAE04EC0-301F-11D3-BF4B-00C04F79EFBC}") = "ImageParser", "ImageParser\ImageParser.csproj", "{CA85D22B-D38C-483C-BA39-818684989E51}"
EndProject
Global
	GlobalSection(SolutionConfigurationPlatforms) = preSolution
		Debug|Any CPU = Debug|Any CPU
		Release|Any CPU = Release|Any CPU
	EndGlobalSection
	GlobalSection(ProjectConfigurationPlatforms) = postSolution
		{CA85D22B-D38C-483C-BA39-818684989E51}.Debug|Any CPU.ActiveCfg = Debug|Any CPU
		{CA85D22B-D38C-483C-BA39-818684989E51}.Debug|Any CPU.Build.0 = Debug|Any CPU
		{CA85D22B-D38C-483C-BA39-818684989E51}.Release|Any CPU.ActiveCfg = Release|Any CPU
		{CA85D22B-D38C-483C-BA39-818684989E51}.Release|Any CPU.Build.0 = Release|Any CPU
	EndGlobalSection
	GlobalSection(SolutionProperties) = preSolution
		HideSolutionNode = FALSE
	EndGlobalSection
	GlobalSection(ExtensibilityGlobals) = postSolution
		SolutionGuid = {46DAEAFD-C416-4E2D-89AA-FB6E103C119D}
	EndGlobalSection
EndGlobal
